
Microsoft Visual Studio Solution File, Format Version 12.00
# Visual Studio Version 17
VisualStudioVersion = 17.9.34607.119
MinimumVisualStudioVersion = 10.0.40219.1
Project("{FAE04EC0-301F-11D3-BF4B-00C04F79EFBC}") = "GeometryExample", "ConsoleApp10\GeometryExample.csproj", "{4DB605F1-E6BB-4EA3-9BBE-A0E5B1F17673}"
EndProject
Project("{FAE04EC0-301F-11D3-BF4B-00C04F79EFBC}") = "InheritancePolymorphismDemo", "InheritancePolymorphismDemo\InheritancePolymorphismDemo.csproj", "{88BEBA5B-87B8-46D6-9348-52416829B9AE}"
EndProject
Global
	GlobalSection(SolutionConfigurationPlatforms) = preSolution
		Debug|Any CPU = Debug|Any CPU
		Release|Any CPU = Release|Any CPU
	EndGlobalSection
	GlobalSection(ProjectConfigurationPlatforms) = postSolution
		{4DB605F1-E6BB-4EA3-9BBE-A0E5B1F17673}.Debug|Any CPU.ActiveCfg = Debug|Any CPU
		{4DB605F1-E6BB-4EA3-9BBE-A0E5B1F17673}.Debug|Any CPU.Build.0 = Debug|Any CPU
		{4DB605F1-E6BB-4EA3-9BBE-A0E5B1F17673}.Release|Any CPU.ActiveCfg = Release|Any CPU
		{4DB605F1-E6BB-4EA3-9BBE-A0E5B1F17673}.Release|Any CPU.Build.0 = Release|Any CPU
		{88BEBA5B-87B8-46D6-9348-52416829B9AE}.Debug|Any CPU.ActiveCfg = Debug|Any CPU
		{88BEBA5B-87B8-46D6-9348-52416829B9AE}.Debug|Any CPU.Build.0 = Debug|Any CPU
		{88BEBA5B-87B8-46D6-9348-52416829B9AE}.Release|Any CPU.ActiveCfg = Release|Any CPU
		{88BEBA5B-87B8-46D6-9348-52416829B9AE}.Release|Any CPU.Build.0 = Release|Any CPU
	EndGlobalSection
	GlobalSection(SolutionProperties) = preSolution
		HideSolutionNode = FALSE
	EndGlobalSection
	GlobalSection(ExtensibilityGlobals) = postSolution
		SolutionGuid = {6AD84911-5C00-4992-AC77-952716813CD5}
	EndGlobalSection
EndGlobal
